// !$*UTF8*$!
{
	archiveVersion = 1;
	classes = {
	};
	objectVersion = 55;
	objects = {

/* Begin PBXBuildFile section */
		7606161927AD77F600CC73B5 /* SurfWeatherAppApp.swift in Sources */ = {isa = PBXBuildFile; fileRef = 7606161827AD77F600CC73B5 /* SurfWeatherAppApp.swift */; };
		7606161D27AD77F700CC73B5 /* Assets.xcassets in Resources */ = {isa = PBXBuildFile; fileRef = 7606161C27AD77F700CC73B5 /* Assets.xcassets */; };
		7606162027AD77F700CC73B5 /* Preview Assets.xcassets in Resources */ = {isa = PBXBuildFile; fileRef = 7606161F27AD77F700CC73B5 /* Preview Assets.xcassets */; };
		76210BEF27C299A100F858AA /* ColorModeToggleStyle.swift in Sources */ = {isa = PBXBuildFile; fileRef = 76210BEE27C299A100F858AA /* ColorModeToggleStyle.swift */; };
		76210BF227C29AAD00F858AA /* UserDefaultsService.swift in Sources */ = {isa = PBXBuildFile; fileRef = 76210BF127C29AAD00F858AA /* UserDefaultsService.swift */; };
		769A6F1627D23BBA0007759C /* MainScreenForecastListItemViewModel.swift in Sources */ = {isa = PBXBuildFile; fileRef = 769A6F1527D23BBA0007759C /* MainScreenForecastListItemViewModel.swift */; };
		769A6F1C27D2633C0007759C /* MainScreenForecastViewModel.swift in Sources */ = {isa = PBXBuildFile; fileRef = 769A6F1B27D2633C0007759C /* MainScreenForecastViewModel.swift */; };
		769A6F1E27D275080007759C /* MainScreenForecastJournalView.swift in Sources */ = {isa = PBXBuildFile; fileRef = 769A6F1D27D275080007759C /* MainScreenForecastJournalView.swift */; };
		769CECF927C27D2B00FFD409 /* MainScreenView.swift in Sources */ = {isa = PBXBuildFile; fileRef = 769CECF827C27D2B00FFD409 /* MainScreenView.swift */; };
		769CECFC27C27DE100FFD409 /* LocationHeaderView.swift in Sources */ = {isa = PBXBuildFile; fileRef = 769CECFB27C27DE100FFD409 /* LocationHeaderView.swift */; };
		769CECFF27C27EBB00FFD409 /* LocationHeaderViewModel.swift in Sources */ = {isa = PBXBuildFile; fileRef = 769CECFE27C27EBB00FFD409 /* LocationHeaderViewModel.swift */; };
		76ADAFC427C8F01000F85FA7 /* MainScreenForecastView.swift in Sources */ = {isa = PBXBuildFile; fileRef = 76ADAFC327C8F01000F85FA7 /* MainScreenForecastView.swift */; };
		76C6467A27C90D1D00D8BBA9 /* SegmentedPickerView.swift in Sources */ = {isa = PBXBuildFile; fileRef = 76C6467927C90D1D00D8BBA9 /* SegmentedPickerView.swift */; };
		76C6467D27C92B0200D8BBA9 /* Colors.swift in Sources */ = {isa = PBXBuildFile; fileRef = 76C6467C27C92B0200D8BBA9 /* Colors.swift */; };
		76C6468127C9648000D8BBA9 /* MainScreenForecastListItemView.swift in Sources */ = {isa = PBXBuildFile; fileRef = 76C6468027C9648000D8BBA9 /* MainScreenForecastListItemView.swift */; };
		A44B6B15282BE29600542E32 /* SelectCityHeaderView.swift in Sources */ = {isa = PBXBuildFile; fileRef = A44B6B14282BE29600542E32 /* SelectCityHeaderView.swift */; };
		A44B6B17282BE6B800542E32 /* SelectCityHeaderViewModel.swift in Sources */ = {isa = PBXBuildFile; fileRef = A44B6B16282BE6B800542E32 /* SelectCityHeaderViewModel.swift */; };
		A44B6B19282BF03F00542E32 /* SelectCityViewModel.swift in Sources */ = {isa = PBXBuildFile; fileRef = A44B6B18282BF03F00542E32 /* SelectCityViewModel.swift */; };
		A44B6B34282CDBC300542E32 /* Assets.swift in Sources */ = {isa = PBXBuildFile; fileRef = A44B6B33282CDBC300542E32 /* Assets.swift */; };
		A44B6B37282CDD9700542E32 /* SearchBarView.swift in Sources */ = {isa = PBXBuildFile; fileRef = A44B6B36282CDD9700542E32 /* SearchBarView.swift */; };
		A44B6B3B282E225400542E32 /* UIApplication+Extension.swift in Sources */ = {isa = PBXBuildFile; fileRef = A44B6B3A282E225400542E32 /* UIApplication+Extension.swift */; };
		A467D0B9282B7ED100D92212 /* SelectCityView.swift in Sources */ = {isa = PBXBuildFile; fileRef = A467D0B8282B7ED100D92212 /* SelectCityView.swift */; };
		A467D0BB282B836B00D92212 /* CityCardView.swift in Sources */ = {isa = PBXBuildFile; fileRef = A467D0BA282B836B00D92212 /* CityCardView.swift */; };
		A4D49FDC27FC95FD008F5BD4 /* NetworkManager.swift in Sources */ = {isa = PBXBuildFile; fileRef = A4D49FD527FC95FD008F5BD4 /* NetworkManager.swift */; };
		A4D49FDD27FC95FD008F5BD4 /* RequestSenderable.swift in Sources */ = {isa = PBXBuildFile; fileRef = A4D49FD627FC95FD008F5BD4 /* RequestSenderable.swift */; };
		A4D49FDE27FC95FD008F5BD4 /* WeatherRequest.swift in Sources */ = {isa = PBXBuildFile; fileRef = A4D49FD727FC95FD008F5BD4 /* WeatherRequest.swift */; };
		A4D49FE127FC95FD008F5BD4 /* RequestFactory.swift in Sources */ = {isa = PBXBuildFile; fileRef = A4D49FDA27FC95FD008F5BD4 /* RequestFactory.swift */; };
		A4D49FE227FC95FD008F5BD4 /* CoreAssembly.swift in Sources */ = {isa = PBXBuildFile; fileRef = A4D49FDB27FC95FD008F5BD4 /* CoreAssembly.swift */; };
		A4D49FE427FC9615008F5BD4 /* NetworkService.swift in Sources */ = {isa = PBXBuildFile; fileRef = A4D49FE327FC9615008F5BD4 /* NetworkService.swift */; };
		A4D49FE627FC9630008F5BD4 /* ServiceAssembly.swift in Sources */ = {isa = PBXBuildFile; fileRef = A4D49FE527FC9630008F5BD4 /* ServiceAssembly.swift */; };
		A4D49FEC27FC9E94008F5BD4 /* Debug.xcconfig in Resources */ = {isa = PBXBuildFile; fileRef = A4D49FEB27FC9E94008F5BD4 /* Debug.xcconfig */; };
		A4D49FEE27FC9F90008F5BD4 /* CordsEntity.swift in Sources */ = {isa = PBXBuildFile; fileRef = A4D49FED27FC9F90008F5BD4 /* CordsEntity.swift */; };
		A4D49FF127FCA3C7008F5BD4 /* Aliases.swift in Sources */ = {isa = PBXBuildFile; fileRef = A4D49FF027FCA3C7008F5BD4 /* Aliases.swift */; };
		A4D49FF327FCA4CE008F5BD4 /* WeatherEntity.swift in Sources */ = {isa = PBXBuildFile; fileRef = A4D49FF227FCA4CE008F5BD4 /* WeatherEntity.swift */; };
		A4D49FFC27FCB49F008F5BD4 /* WeatherRequestEntity.swift in Sources */ = {isa = PBXBuildFile; fileRef = A4D49FFB27FCB49F008F5BD4 /* WeatherRequestEntity.swift */; };
		A4D4A00027FD6CDF008F5BD4 /* TemperatureFormatter.swift in Sources */ = {isa = PBXBuildFile; fileRef = A4D49FFE27FD6CDF008F5BD4 /* TemperatureFormatter.swift */; };
		A4D4A00127FD6CDF008F5BD4 /* DateFormatter.swift in Sources */ = {isa = PBXBuildFile; fileRef = A4D49FFF27FD6CDF008F5BD4 /* DateFormatter.swift */; };
		A4D4A00327FD7630008F5BD4 /* MainScreenForecastModelAdapter.swift in Sources */ = {isa = PBXBuildFile; fileRef = A4D4A00227FD7630008F5BD4 /* MainScreenForecastModelAdapter.swift */; };
		A4D4A00527FD9A33008F5BD4 /* TempEntity.swift in Sources */ = {isa = PBXBuildFile; fileRef = A4D4A00427FD9A33008F5BD4 /* TempEntity.swift */; };
		A4D4A00727FD9A48008F5BD4 /* DailyWeatherEntity.swift in Sources */ = {isa = PBXBuildFile; fileRef = A4D4A00627FD9A48008F5BD4 /* DailyWeatherEntity.swift */; };
		A4D4A00927FD9A6B008F5BD4 /* CurrentWeatherEntity.swift in Sources */ = {isa = PBXBuildFile; fileRef = A4D4A00827FD9A6B008F5BD4 /* CurrentWeatherEntity.swift */; };
		A4E4E02428240DEF007EF844 /* RequestProvider.swift in Sources */ = {isa = PBXBuildFile; fileRef = A4E4E02328240DEF007EF844 /* RequestProvider.swift */; };
		A4E4E02A2824F8EF007EF844 /* ShimmerView.swift in Sources */ = {isa = PBXBuildFile; fileRef = A4E4E0292824F8EF007EF844 /* ShimmerView.swift */; };
/* End PBXBuildFile section */

/* Begin PBXFileReference section */
		7606161527AD77F600CC73B5 /* SurfWeatherApp.app */ = {isa = PBXFileReference; explicitFileType = wrapper.application; includeInIndex = 0; path = SurfWeatherApp.app; sourceTree = BUILT_PRODUCTS_DIR; };
		7606161827AD77F600CC73B5 /* SurfWeatherAppApp.swift */ = {isa = PBXFileReference; lastKnownFileType = sourcecode.swift; path = SurfWeatherAppApp.swift; sourceTree = "<group>"; };
		7606161C27AD77F700CC73B5 /* Assets.xcassets */ = {isa = PBXFileReference; lastKnownFileType = folder.assetcatalog; path = Assets.xcassets; sourceTree = "<group>"; };
		7606161F27AD77F700CC73B5 /* Preview Assets.xcassets */ = {isa = PBXFileReference; lastKnownFileType = folder.assetcatalog; path = "Preview Assets.xcassets"; sourceTree = "<group>"; };
		76210BEE27C299A100F858AA /* ColorModeToggleStyle.swift */ = {isa = PBXFileReference; lastKnownFileType = sourcecode.swift; path = ColorModeToggleStyle.swift; sourceTree = "<group>"; };
		76210BF127C29AAD00F858AA /* UserDefaultsService.swift */ = {isa = PBXFileReference; lastKnownFileType = sourcecode.swift; path = UserDefaultsService.swift; sourceTree = "<group>"; };
		769A6F1527D23BBA0007759C /* MainScreenForecastListItemViewModel.swift */ = {isa = PBXFileReference; lastKnownFileType = sourcecode.swift; path = MainScreenForecastListItemViewModel.swift; sourceTree = "<group>"; };
		769A6F1B27D2633C0007759C /* MainScreenForecastViewModel.swift */ = {isa = PBXFileReference; lastKnownFileType = sourcecode.swift; path = MainScreenForecastViewModel.swift; sourceTree = "<group>"; };
		769A6F1D27D275080007759C /* MainScreenForecastJournalView.swift */ = {isa = PBXFileReference; lastKnownFileType = sourcecode.swift; path = MainScreenForecastJournalView.swift; sourceTree = "<group>"; };
		769CECF827C27D2B00FFD409 /* MainScreenView.swift */ = {isa = PBXFileReference; lastKnownFileType = sourcecode.swift; path = MainScreenView.swift; sourceTree = "<group>"; };
		769CECFB27C27DE100FFD409 /* LocationHeaderView.swift */ = {isa = PBXFileReference; lastKnownFileType = sourcecode.swift; path = LocationHeaderView.swift; sourceTree = "<group>"; };
		769CECFE27C27EBB00FFD409 /* LocationHeaderViewModel.swift */ = {isa = PBXFileReference; lastKnownFileType = sourcecode.swift; path = LocationHeaderViewModel.swift; sourceTree = "<group>"; };
		76ADAFC327C8F01000F85FA7 /* MainScreenForecastView.swift */ = {isa = PBXFileReference; lastKnownFileType = sourcecode.swift; path = MainScreenForecastView.swift; sourceTree = "<group>"; };
		76C6467927C90D1D00D8BBA9 /* SegmentedPickerView.swift */ = {isa = PBXFileReference; lastKnownFileType = sourcecode.swift; path = SegmentedPickerView.swift; sourceTree = "<group>"; };
		76C6467C27C92B0200D8BBA9 /* Colors.swift */ = {isa = PBXFileReference; lastKnownFileType = sourcecode.swift; path = Colors.swift; sourceTree = "<group>"; };
		76C6468027C9648000D8BBA9 /* MainScreenForecastListItemView.swift */ = {isa = PBXFileReference; lastKnownFileType = sourcecode.swift; path = MainScreenForecastListItemView.swift; sourceTree = "<group>"; };
		A44B6B14282BE29600542E32 /* SelectCityHeaderView.swift */ = {isa = PBXFileReference; lastKnownFileType = sourcecode.swift; path = SelectCityHeaderView.swift; sourceTree = "<group>"; };
		A44B6B16282BE6B800542E32 /* SelectCityHeaderViewModel.swift */ = {isa = PBXFileReference; lastKnownFileType = sourcecode.swift; path = SelectCityHeaderViewModel.swift; sourceTree = "<group>"; };
		A44B6B18282BF03F00542E32 /* SelectCityViewModel.swift */ = {isa = PBXFileReference; lastKnownFileType = sourcecode.swift; path = SelectCityViewModel.swift; sourceTree = "<group>"; };
		A44B6B33282CDBC300542E32 /* Assets.swift */ = {isa = PBXFileReference; lastKnownFileType = sourcecode.swift; path = Assets.swift; sourceTree = "<group>"; };
		A44B6B36282CDD9700542E32 /* SearchBarView.swift */ = {isa = PBXFileReference; lastKnownFileType = sourcecode.swift; path = SearchBarView.swift; sourceTree = "<group>"; };
		A44B6B3A282E225400542E32 /* UIApplication+Extension.swift */ = {isa = PBXFileReference; lastKnownFileType = sourcecode.swift; path = "UIApplication+Extension.swift"; sourceTree = "<group>"; };
		A467D0B8282B7ED100D92212 /* SelectCityView.swift */ = {isa = PBXFileReference; lastKnownFileType = sourcecode.swift; path = SelectCityView.swift; sourceTree = "<group>"; };
		A467D0BA282B836B00D92212 /* CityCardView.swift */ = {isa = PBXFileReference; lastKnownFileType = sourcecode.swift; path = CityCardView.swift; sourceTree = "<group>"; };
		A4D49FD527FC95FD008F5BD4 /* NetworkManager.swift */ = {isa = PBXFileReference; fileEncoding = 4; lastKnownFileType = sourcecode.swift; path = NetworkManager.swift; sourceTree = "<group>"; };
		A4D49FD627FC95FD008F5BD4 /* RequestSenderable.swift */ = {isa = PBXFileReference; fileEncoding = 4; lastKnownFileType = sourcecode.swift; path = RequestSenderable.swift; sourceTree = "<group>"; };
		A4D49FD727FC95FD008F5BD4 /* WeatherRequest.swift */ = {isa = PBXFileReference; fileEncoding = 4; lastKnownFileType = sourcecode.swift; path = WeatherRequest.swift; sourceTree = "<group>"; };
		A4D49FDA27FC95FD008F5BD4 /* RequestFactory.swift */ = {isa = PBXFileReference; fileEncoding = 4; lastKnownFileType = sourcecode.swift; path = RequestFactory.swift; sourceTree = "<group>"; };
		A4D49FDB27FC95FD008F5BD4 /* CoreAssembly.swift */ = {isa = PBXFileReference; fileEncoding = 4; lastKnownFileType = sourcecode.swift; path = CoreAssembly.swift; sourceTree = "<group>"; };
		A4D49FE327FC9615008F5BD4 /* NetworkService.swift */ = {isa = PBXFileReference; fileEncoding = 4; lastKnownFileType = sourcecode.swift; path = NetworkService.swift; sourceTree = "<group>"; };
		A4D49FE527FC9630008F5BD4 /* ServiceAssembly.swift */ = {isa = PBXFileReference; fileEncoding = 4; lastKnownFileType = sourcecode.swift; path = ServiceAssembly.swift; sourceTree = "<group>"; };
		A4D49FE827FC9CCF008F5BD4 /* Info.plist */ = {isa = PBXFileReference; lastKnownFileType = text.plist; path = Info.plist; sourceTree = "<group>"; };
		A4D49FEB27FC9E94008F5BD4 /* Debug.xcconfig */ = {isa = PBXFileReference; fileEncoding = 4; lastKnownFileType = text.xcconfig; path = Debug.xcconfig; sourceTree = "<group>"; };
		A4D49FED27FC9F90008F5BD4 /* CordsEntity.swift */ = {isa = PBXFileReference; lastKnownFileType = sourcecode.swift; path = CordsEntity.swift; sourceTree = "<group>"; };
		A4D49FF027FCA3C7008F5BD4 /* Aliases.swift */ = {isa = PBXFileReference; lastKnownFileType = sourcecode.swift; path = Aliases.swift; sourceTree = "<group>"; };
		A4D49FF227FCA4CE008F5BD4 /* WeatherEntity.swift */ = {isa = PBXFileReference; lastKnownFileType = sourcecode.swift; path = WeatherEntity.swift; sourceTree = "<group>"; };
		A4D49FFB27FCB49F008F5BD4 /* WeatherRequestEntity.swift */ = {isa = PBXFileReference; lastKnownFileType = sourcecode.swift; path = WeatherRequestEntity.swift; sourceTree = "<group>"; };
		A4D49FFE27FD6CDF008F5BD4 /* TemperatureFormatter.swift */ = {isa = PBXFileReference; fileEncoding = 4; lastKnownFileType = sourcecode.swift; path = TemperatureFormatter.swift; sourceTree = "<group>"; };
		A4D49FFF27FD6CDF008F5BD4 /* DateFormatter.swift */ = {isa = PBXFileReference; fileEncoding = 4; lastKnownFileType = sourcecode.swift; path = DateFormatter.swift; sourceTree = "<group>"; };
		A4D4A00227FD7630008F5BD4 /* MainScreenForecastModelAdapter.swift */ = {isa = PBXFileReference; lastKnownFileType = sourcecode.swift; path = MainScreenForecastModelAdapter.swift; sourceTree = "<group>"; };
		A4D4A00427FD9A33008F5BD4 /* TempEntity.swift */ = {isa = PBXFileReference; lastKnownFileType = sourcecode.swift; path = TempEntity.swift; sourceTree = "<group>"; };
		A4D4A00627FD9A48008F5BD4 /* DailyWeatherEntity.swift */ = {isa = PBXFileReference; lastKnownFileType = sourcecode.swift; path = DailyWeatherEntity.swift; sourceTree = "<group>"; };
		A4D4A00827FD9A6B008F5BD4 /* CurrentWeatherEntity.swift */ = {isa = PBXFileReference; lastKnownFileType = sourcecode.swift; path = CurrentWeatherEntity.swift; sourceTree = "<group>"; };
		A4E4E02328240DEF007EF844 /* RequestProvider.swift */ = {isa = PBXFileReference; lastKnownFileType = sourcecode.swift; path = RequestProvider.swift; sourceTree = "<group>"; };
		A4E4E0292824F8EF007EF844 /* ShimmerView.swift */ = {isa = PBXFileReference; fileEncoding = 4; lastKnownFileType = sourcecode.swift; path = ShimmerView.swift; sourceTree = "<group>"; };
/* End PBXFileReference section */

/* Begin PBXFrameworksBuildPhase section */
		7606161227AD77F600CC73B5 /* Frameworks */ = {
			isa = PBXFrameworksBuildPhase;
			buildActionMask = 2147483647;
			files = (
			);
			runOnlyForDeploymentPostprocessing = 0;
		};
/* End PBXFrameworksBuildPhase section */

/* Begin PBXGroup section */
		7606160C27AD77F600CC73B5 = {
			isa = PBXGroup;
			children = (
				A4D49FEA27FC9E94008F5BD4 /* Config */,
				769CECF527C27D0E00FFD409 /* Flows */,
				A4D49FCD27FC937D008F5BD4 /* Service */,
				A4D49FD027FC93B2008F5BD4 /* Core */,
				76C6467B27C92AE300D8BBA9 /* Library */,
				A4D49FD127FC93D1008F5BD4 /* Resources */,
				A4D49FD327FC940E008F5BD4 /* Models */,
				7606161727AD77F600CC73B5 /* SurfWeatherApp */,
				7606161627AD77F600CC73B5 /* Products */,
			);
			sourceTree = "<group>";
		};
		7606161627AD77F600CC73B5 /* Products */ = {
			isa = PBXGroup;
			children = (
				7606161527AD77F600CC73B5 /* SurfWeatherApp.app */,
			);
			name = Products;
			sourceTree = "<group>";
		};
		7606161727AD77F600CC73B5 /* SurfWeatherApp */ = {
			isa = PBXGroup;
			children = (
				A4D49FE827FC9CCF008F5BD4 /* Info.plist */,
				7606161827AD77F600CC73B5 /* SurfWeatherAppApp.swift */,
			);
			path = SurfWeatherApp;
			sourceTree = "<group>";
		};
		7606161E27AD77F700CC73B5 /* Preview Content */ = {
			isa = PBXGroup;
			children = (
				7606161F27AD77F700CC73B5 /* Preview Assets.xcassets */,
			);
			path = "Preview Content";
			sourceTree = "<group>";
		};
		76210BED27C2997B00F858AA /* Styles */ = {
			isa = PBXGroup;
			children = (
				76210BEE27C299A100F858AA /* ColorModeToggleStyle.swift */,
			);
			path = Styles;
			sourceTree = "<group>";
		};
		76210BF027C29A7700F858AA /* Storage */ = {
			isa = PBXGroup;
			children = (
				76210BF127C29AAD00F858AA /* UserDefaultsService.swift */,
			);
			path = Storage;
			sourceTree = "<group>";
		};
		769A6F1727D23BEF0007759C /* Views */ = {
			isa = PBXGroup;
			children = (
				769CECF827C27D2B00FFD409 /* MainScreenView.swift */,
				A467D0B8282B7ED100D92212 /* SelectCityView.swift */,
				A467D0BA282B836B00D92212 /* CityCardView.swift */,
				76ADAFC327C8F01000F85FA7 /* MainScreenForecastView.swift */,
				76C6468027C9648000D8BBA9 /* MainScreenForecastListItemView.swift */,
				769A6F1D27D275080007759C /* MainScreenForecastJournalView.swift */,
			);
			path = Views;
			sourceTree = "<group>";
		};
		769A6F1827D23BF90007759C /* ViewModels */ = {
			isa = PBXGroup;
			children = (
				769A6F1B27D2633C0007759C /* MainScreenForecastViewModel.swift */,
				A44B6B18282BF03F00542E32 /* SelectCityViewModel.swift */,
				769A6F1527D23BBA0007759C /* MainScreenForecastListItemViewModel.swift */,
				A4D4A00227FD7630008F5BD4 /* MainScreenForecastModelAdapter.swift */,
			);
			path = ViewModels;
			sourceTree = "<group>";
		};
		769CECF427C27D0100FFD409 /* MainFlow */ = {
			isa = PBXGroup;
			children = (
				769A6F1827D23BF90007759C /* ViewModels */,
				769A6F1727D23BEF0007759C /* Views */,
			);
			path = MainFlow;
			sourceTree = "<group>";
		};
		769CECF527C27D0E00FFD409 /* Flows */ = {
			isa = PBXGroup;
			children = (
				769CECF427C27D0100FFD409 /* MainFlow */,
			);
			path = Flows;
			sourceTree = "<group>";
		};
		769CECFA27C27DC000FFD409 /* Views */ = {
			isa = PBXGroup;
			children = (
				A44B6B35282CDD7B00542E32 /* SearchBar */,
				A467D0BC282BDC7600D92212 /* SelectCityHeader */,
				A43447A528055268009B93A8 /* ShimmerView */,
				76C6467827C90AE900D8BBA9 /* SegmentedPicker */,
				769CECFD27C27EA700FFD409 /* LocationHeader */,
			);
			path = Views;
			sourceTree = "<group>";
		};
		769CECFD27C27EA700FFD409 /* LocationHeader */ = {
			isa = PBXGroup;
			children = (
				769CECFB27C27DE100FFD409 /* LocationHeaderView.swift */,
				769CECFE27C27EBB00FFD409 /* LocationHeaderViewModel.swift */,
			);
			path = LocationHeader;
			sourceTree = "<group>";
		};
		76C6467827C90AE900D8BBA9 /* SegmentedPicker */ = {
			isa = PBXGroup;
			children = (
				76C6467927C90D1D00D8BBA9 /* SegmentedPickerView.swift */,
			);
			path = SegmentedPicker;
			sourceTree = "<group>";
		};
		76C6467B27C92AE300D8BBA9 /* Library */ = {
			isa = PBXGroup;
			children = (
				A44B6B38282E223200542E32 /* Extensions */,
				A4D49FFD27FD6CDF008F5BD4 /* Formatters */,
				A4D49FEF27FCA3B9008F5BD4 /* Aliases */,
				76210BED27C2997B00F858AA /* Styles */,
				769CECFA27C27DC000FFD409 /* Views */,
			);
			path = Library;
			sourceTree = "<group>";
		};
		A43447A528055268009B93A8 /* ShimmerView */ = {
			isa = PBXGroup;
			children = (
				A4E4E0292824F8EF007EF844 /* ShimmerView.swift */,
			);
			path = ShimmerView;
			sourceTree = "<group>";
		};
		A44B6B35282CDD7B00542E32 /* SearchBar */ = {
			isa = PBXGroup;
			children = (
				A44B6B36282CDD9700542E32 /* SearchBarView.swift */,
			);
			path = SearchBar;
			sourceTree = "<group>";
		};
		A44B6B38282E223200542E32 /* Extensions */ = {
			isa = PBXGroup;
			children = (
				A44B6B3A282E225400542E32 /* UIApplication+Extension.swift */,
			);
			path = Extensions;
			sourceTree = "<group>";
		};
		A467D0BC282BDC7600D92212 /* SelectCityHeader */ = {
			isa = PBXGroup;
			children = (
				A44B6B14282BE29600542E32 /* SelectCityHeaderView.swift */,
				A44B6B16282BE6B800542E32 /* SelectCityHeaderViewModel.swift */,
			);
			path = SelectCityHeader;
			sourceTree = "<group>";
		};
		A4D49FCA27FC9338008F5BD4 /* Colors */ = {
			isa = PBXGroup;
			children = (
				76C6467C27C92B0200D8BBA9 /* Colors.swift */,
			);
			path = Colors;
			sourceTree = "<group>";
		};
		A4D49FCD27FC937D008F5BD4 /* Service */ = {
			isa = PBXGroup;
			children = (
				A4D49FE527FC9630008F5BD4 /* ServiceAssembly.swift */,
				76210BF027C29A7700F858AA /* Storage */,
				A4D49FCE27FC937D008F5BD4 /* Network */,
			);
			path = Service;
			sourceTree = "<group>";
		};
		A4D49FCE27FC937D008F5BD4 /* Network */ = {
			isa = PBXGroup;
			children = (
				A4D49FFA27FCA9EF008F5BD4 /* Weather */,
			);
			path = Network;
			sourceTree = "<group>";
		};
		A4D49FD027FC93B2008F5BD4 /* Core */ = {
			isa = PBXGroup;
			children = (
				A4D49FDB27FC95FD008F5BD4 /* CoreAssembly.swift */,
				A4D49FD427FC95FD008F5BD4 /* NetworkManager */,
			);
			path = Core;
			sourceTree = "<group>";
		};
		A4D49FD127FC93D1008F5BD4 /* Resources */ = {
			isa = PBXGroup;
			children = (
				A4D49FCA27FC9338008F5BD4 /* Colors */,
				A4D49FD227FC93F5008F5BD4 /* Assets */,
			);
			path = Resources;
			sourceTree = "<group>";
		};
		A4D49FD227FC93F5008F5BD4 /* Assets */ = {
			isa = PBXGroup;
			children = (
				7606161C27AD77F700CC73B5 /* Assets.xcassets */,
				7606161E27AD77F700CC73B5 /* Preview Content */,
				A44B6B33282CDBC300542E32 /* Assets.swift */,
			);
			path = Assets;
			sourceTree = "<group>";
		};
		A4D49FD327FC940E008F5BD4 /* Models */ = {
			isa = PBXGroup;
			children = (
				A4D49FED27FC9F90008F5BD4 /* CordsEntity.swift */,
				A4D49FFB27FCB49F008F5BD4 /* WeatherRequestEntity.swift */,
				A4D4A00827FD9A6B008F5BD4 /* CurrentWeatherEntity.swift */,
				A4D4A00627FD9A48008F5BD4 /* DailyWeatherEntity.swift */,
				A4D4A00427FD9A33008F5BD4 /* TempEntity.swift */,
				A4D49FF227FCA4CE008F5BD4 /* WeatherEntity.swift */,
			);
			path = Models;
			sourceTree = "<group>";
		};
		A4D49FD427FC95FD008F5BD4 /* NetworkManager */ = {
			isa = PBXGroup;
			children = (
				A4E4E02228240DD0007EF844 /* Protocols */,
				A4D49FD527FC95FD008F5BD4 /* NetworkManager.swift */,
			);
			path = NetworkManager;
			sourceTree = "<group>";
		};
		A4D49FEA27FC9E94008F5BD4 /* Config */ = {
			isa = PBXGroup;
			children = (
				A4D49FEB27FC9E94008F5BD4 /* Debug.xcconfig */,
			);
			path = Config;
			sourceTree = "<group>";
		};
		A4D49FEF27FCA3B9008F5BD4 /* Aliases */ = {
			isa = PBXGroup;
			children = (
				A4D49FF027FCA3C7008F5BD4 /* Aliases.swift */,
			);
			path = Aliases;
			sourceTree = "<group>";
		};
		A4D49FFA27FCA9EF008F5BD4 /* Weather */ = {
			isa = PBXGroup;
			children = (
				A4D49FDA27FC95FD008F5BD4 /* RequestFactory.swift */,
				A4D49FE327FC9615008F5BD4 /* NetworkService.swift */,
				A4D49FD727FC95FD008F5BD4 /* WeatherRequest.swift */,
			);
			path = Weather;
			sourceTree = "<group>";
		};
		A4D49FFD27FD6CDF008F5BD4 /* Formatters */ = {
			isa = PBXGroup;
			children = (
				A4D49FFE27FD6CDF008F5BD4 /* TemperatureFormatter.swift */,
				A4D49FFF27FD6CDF008F5BD4 /* DateFormatter.swift */,
			);
			path = Formatters;
			sourceTree = "<group>";
		};
		A4E4E02228240DD0007EF844 /* Protocols */ = {
			isa = PBXGroup;
			children = (
				A4D49FD627FC95FD008F5BD4 /* RequestSenderable.swift */,
				A4E4E02328240DEF007EF844 /* RequestProvider.swift */,
			);
			path = Protocols;
			sourceTree = "<group>";
		};
/* End PBXGroup section */

/* Begin PBXNativeTarget section */
		7606161427AD77F600CC73B5 /* SurfWeatherApp */ = {
			isa = PBXNativeTarget;
			buildConfigurationList = 7606162327AD77F700CC73B5 /* Build configuration list for PBXNativeTarget "SurfWeatherApp" */;
			buildPhases = (
				7606161127AD77F600CC73B5 /* Sources */,
				7606161227AD77F600CC73B5 /* Frameworks */,
				7606161327AD77F600CC73B5 /* Resources */,
			);
			buildRules = (
			);
			dependencies = (
			);
			name = SurfWeatherApp;
			productName = SurfWeatherApp;
			productReference = 7606161527AD77F600CC73B5 /* SurfWeatherApp.app */;
			productType = "com.apple.product-type.application";
		};
/* End PBXNativeTarget section */

/* Begin PBXProject section */
		7606160D27AD77F600CC73B5 /* Project object */ = {
			isa = PBXProject;
			attributes = {
				BuildIndependentTargetsInParallel = 1;
				LastSwiftUpdateCheck = 1320;
				LastUpgradeCheck = 1320;
				TargetAttributes = {
					7606161427AD77F600CC73B5 = {
						CreatedOnToolsVersion = 13.2.1;
					};
				};
			};
			buildConfigurationList = 7606161027AD77F600CC73B5 /* Build configuration list for PBXProject "SurfWeatherApp" */;
			compatibilityVersion = "Xcode 13.0";
			developmentRegion = en;
			hasScannedForEncodings = 0;
			knownRegions = (
				en,
				Base,
			);
			mainGroup = 7606160C27AD77F600CC73B5;
			productRefGroup = 7606161627AD77F600CC73B5 /* Products */;
			projectDirPath = "";
			projectRoot = "";
			targets = (
				7606161427AD77F600CC73B5 /* SurfWeatherApp */,
			);
		};
/* End PBXProject section */

/* Begin PBXResourcesBuildPhase section */
		7606161327AD77F600CC73B5 /* Resources */ = {
			isa = PBXResourcesBuildPhase;
			buildActionMask = 2147483647;
			files = (
				7606162027AD77F700CC73B5 /* Preview Assets.xcassets in Resources */,
				7606161D27AD77F700CC73B5 /* Assets.xcassets in Resources */,
				A4D49FEC27FC9E94008F5BD4 /* Debug.xcconfig in Resources */,
			);
			runOnlyForDeploymentPostprocessing = 0;
		};
/* End PBXResourcesBuildPhase section */

/* Begin PBXSourcesBuildPhase section */
		7606161127AD77F600CC73B5 /* Sources */ = {
			isa = PBXSourcesBuildPhase;
			buildActionMask = 2147483647;
			files = (
				76210BF227C29AAD00F858AA /* UserDefaultsService.swift in Sources */,
				A4D49FE127FC95FD008F5BD4 /* RequestFactory.swift in Sources */,
				A4D49FF127FCA3C7008F5BD4 /* Aliases.swift in Sources */,
				769A6F1627D23BBA0007759C /* MainScreenForecastListItemViewModel.swift in Sources */,
				A4E4E02428240DEF007EF844 /* RequestProvider.swift in Sources */,
				A4D49FEE27FC9F90008F5BD4 /* CordsEntity.swift in Sources */,
				A467D0B9282B7ED100D92212 /* SelectCityView.swift in Sources */,
				A44B6B37282CDD9700542E32 /* SearchBarView.swift in Sources */,
				A4D4A00927FD9A6B008F5BD4 /* CurrentWeatherEntity.swift in Sources */,
				A4D49FDC27FC95FD008F5BD4 /* NetworkManager.swift in Sources */,
				A4D4A00527FD9A33008F5BD4 /* TempEntity.swift in Sources */,
				76C6467A27C90D1D00D8BBA9 /* SegmentedPickerView.swift in Sources */,
				A44B6B19282BF03F00542E32 /* SelectCityViewModel.swift in Sources */,
				A467D0BB282B836B00D92212 /* CityCardView.swift in Sources */,
				76C6468127C9648000D8BBA9 /* MainScreenForecastListItemView.swift in Sources */,
				A4D49FE627FC9630008F5BD4 /* ServiceAssembly.swift in Sources */,
				A4D49FDD27FC95FD008F5BD4 /* RequestSenderable.swift in Sources */,
				76210BEF27C299A100F858AA /* ColorModeToggleStyle.swift in Sources */,
				76ADAFC427C8F01000F85FA7 /* MainScreenForecastView.swift in Sources */,
				7606161927AD77F600CC73B5 /* SurfWeatherAppApp.swift in Sources */,
				A4D4A00727FD9A48008F5BD4 /* DailyWeatherEntity.swift in Sources */,
				A4D49FDE27FC95FD008F5BD4 /* WeatherRequest.swift in Sources */,
				769CECFF27C27EBB00FFD409 /* LocationHeaderViewModel.swift in Sources */,
				769A6F1E27D275080007759C /* MainScreenForecastJournalView.swift in Sources */,
				A44B6B3B282E225400542E32 /* UIApplication+Extension.swift in Sources */,
				A44B6B15282BE29600542E32 /* SelectCityHeaderView.swift in Sources */,
				A4D49FF327FCA4CE008F5BD4 /* WeatherEntity.swift in Sources */,
				A4D4A00127FD6CDF008F5BD4 /* DateFormatter.swift in Sources */,
				769A6F1C27D2633C0007759C /* MainScreenForecastViewModel.swift in Sources */,
				769CECFC27C27DE100FFD409 /* LocationHeaderView.swift in Sources */,
				A4D4A00027FD6CDF008F5BD4 /* TemperatureFormatter.swift in Sources */,
				A44B6B34282CDBC300542E32 /* Assets.swift in Sources */,
				A44B6B17282BE6B800542E32 /* SelectCityHeaderViewModel.swift in Sources */,
				A4D4A00327FD7630008F5BD4 /* MainScreenForecastModelAdapter.swift in Sources */,
				76C6467D27C92B0200D8BBA9 /* Colors.swift in Sources */,
				A4D49FE227FC95FD008F5BD4 /* CoreAssembly.swift in Sources */,
				A4E4E02A2824F8EF007EF844 /* ShimmerView.swift in Sources */,
				769CECF927C27D2B00FFD409 /* MainScreenView.swift in Sources */,
				A4D49FFC27FCB49F008F5BD4 /* WeatherRequestEntity.swift in Sources */,
				A4D49FE427FC9615008F5BD4 /* NetworkService.swift in Sources */,
			);
			runOnlyForDeploymentPostprocessing = 0;
		};
/* End PBXSourcesBuildPhase section */

/* Begin XCBuildConfiguration section */
		7606162127AD77F700CC73B5 /* Debug */ = {
			isa = XCBuildConfiguration;
			buildSettings = {
				ALWAYS_SEARCH_USER_PATHS = NO;
				CLANG_ANALYZER_NONNULL = YES;
				CLANG_ANALYZER_NUMBER_OBJECT_CONVERSION = YES_AGGRESSIVE;
				CLANG_CXX_LANGUAGE_STANDARD = "gnu++17";
				CLANG_CXX_LIBRARY = "libc++";
				CLANG_ENABLE_MODULES = YES;
				CLANG_ENABLE_OBJC_ARC = YES;
				CLANG_ENABLE_OBJC_WEAK = YES;
				CLANG_WARN_BLOCK_CAPTURE_AUTORELEASING = YES;
				CLANG_WARN_BOOL_CONVERSION = YES;
				CLANG_WARN_COMMA = YES;
				CLANG_WARN_CONSTANT_CONVERSION = YES;
				CLANG_WARN_DEPRECATED_OBJC_IMPLEMENTATIONS = YES;
				CLANG_WARN_DIRECT_OBJC_ISA_USAGE = YES_ERROR;
				CLANG_WARN_DOCUMENTATION_COMMENTS = YES;
				CLANG_WARN_EMPTY_BODY = YES;
				CLANG_WARN_ENUM_CONVERSION = YES;
				CLANG_WARN_INFINITE_RECURSION = YES;
				CLANG_WARN_INT_CONVERSION = YES;
				CLANG_WARN_NON_LITERAL_NULL_CONVERSION = YES;
				CLANG_WARN_OBJC_IMPLICIT_RETAIN_SELF = YES;
				CLANG_WARN_OBJC_LITERAL_CONVERSION = YES;
				CLANG_WARN_OBJC_ROOT_CLASS = YES_ERROR;
				CLANG_WARN_QUOTED_INCLUDE_IN_FRAMEWORK_HEADER = YES;
				CLANG_WARN_RANGE_LOOP_ANALYSIS = YES;
				CLANG_WARN_STRICT_PROTOTYPES = YES;
				CLANG_WARN_SUSPICIOUS_MOVE = YES;
				CLANG_WARN_UNGUARDED_AVAILABILITY = YES_AGGRESSIVE;
				CLANG_WARN_UNREACHABLE_CODE = YES;
				CLANG_WARN__DUPLICATE_METHOD_MATCH = YES;
				COPY_PHASE_STRIP = NO;
				DEBUG_INFORMATION_FORMAT = dwarf;
				ENABLE_STRICT_OBJC_MSGSEND = YES;
				ENABLE_TESTABILITY = YES;
				GCC_C_LANGUAGE_STANDARD = gnu11;
				GCC_DYNAMIC_NO_PIC = NO;
				GCC_NO_COMMON_BLOCKS = YES;
				GCC_OPTIMIZATION_LEVEL = 0;
				GCC_PREPROCESSOR_DEFINITIONS = (
					"DEBUG=1",
					"$(inherited)",
				);
				GCC_WARN_64_TO_32_BIT_CONVERSION = YES;
				GCC_WARN_ABOUT_RETURN_TYPE = YES_ERROR;
				GCC_WARN_UNDECLARED_SELECTOR = YES;
				GCC_WARN_UNINITIALIZED_AUTOS = YES_AGGRESSIVE;
				GCC_WARN_UNUSED_FUNCTION = YES;
				GCC_WARN_UNUSED_VARIABLE = YES;
				IPHONEOS_DEPLOYMENT_TARGET = 15.2;
				MTL_ENABLE_DEBUG_INFO = INCLUDE_SOURCE;
				MTL_FAST_MATH = YES;
				ONLY_ACTIVE_ARCH = YES;
				SDKROOT = iphoneos;
				SWIFT_ACTIVE_COMPILATION_CONDITIONS = DEBUG;
				SWIFT_OPTIMIZATION_LEVEL = "-Onone";
			};
			name = Debug;
		};
		7606162227AD77F700CC73B5 /* Release */ = {
			isa = XCBuildConfiguration;
			buildSettings = {
				ALWAYS_SEARCH_USER_PATHS = NO;
				CLANG_ANALYZER_NONNULL = YES;
				CLANG_ANALYZER_NUMBER_OBJECT_CONVERSION = YES_AGGRESSIVE;
				CLANG_CXX_LANGUAGE_STANDARD = "gnu++17";
				CLANG_CXX_LIBRARY = "libc++";
				CLANG_ENABLE_MODULES = YES;
				CLANG_ENABLE_OBJC_ARC = YES;
				CLANG_ENABLE_OBJC_WEAK = YES;
				CLANG_WARN_BLOCK_CAPTURE_AUTORELEASING = YES;
				CLANG_WARN_BOOL_CONVERSION = YES;
				CLANG_WARN_COMMA = YES;
				CLANG_WARN_CONSTANT_CONVERSION = YES;
				CLANG_WARN_DEPRECATED_OBJC_IMPLEMENTATIONS = YES;
				CLANG_WARN_DIRECT_OBJC_ISA_USAGE = YES_ERROR;
				CLANG_WARN_DOCUMENTATION_COMMENTS = YES;
				CLANG_WARN_EMPTY_BODY = YES;
				CLANG_WARN_ENUM_CONVERSION = YES;
				CLANG_WARN_INFINITE_RECURSION = YES;
				CLANG_WARN_INT_CONVERSION = YES;
				CLANG_WARN_NON_LITERAL_NULL_CONVERSION = YES;
				CLANG_WARN_OBJC_IMPLICIT_RETAIN_SELF = YES;
				CLANG_WARN_OBJC_LITERAL_CONVERSION = YES;
				CLANG_WARN_OBJC_ROOT_CLASS = YES_ERROR;
				CLANG_WARN_QUOTED_INCLUDE_IN_FRAMEWORK_HEADER = YES;
				CLANG_WARN_RANGE_LOOP_ANALYSIS = YES;
				CLANG_WARN_STRICT_PROTOTYPES = YES;
				CLANG_WARN_SUSPICIOUS_MOVE = YES;
				CLANG_WARN_UNGUARDED_AVAILABILITY = YES_AGGRESSIVE;
				CLANG_WARN_UNREACHABLE_CODE = YES;
				CLANG_WARN__DUPLICATE_METHOD_MATCH = YES;
				COPY_PHASE_STRIP = NO;
				DEBUG_INFORMATION_FORMAT = "dwarf-with-dsym";
				ENABLE_NS_ASSERTIONS = NO;
				ENABLE_STRICT_OBJC_MSGSEND = YES;
				GCC_C_LANGUAGE_STANDARD = gnu11;
				GCC_NO_COMMON_BLOCKS = YES;
				GCC_WARN_64_TO_32_BIT_CONVERSION = YES;
				GCC_WARN_ABOUT_RETURN_TYPE = YES_ERROR;
				GCC_WARN_UNDECLARED_SELECTOR = YES;
				GCC_WARN_UNINITIALIZED_AUTOS = YES_AGGRESSIVE;
				GCC_WARN_UNUSED_FUNCTION = YES;
				GCC_WARN_UNUSED_VARIABLE = YES;
				IPHONEOS_DEPLOYMENT_TARGET = 15.2;
				MTL_ENABLE_DEBUG_INFO = NO;
				MTL_FAST_MATH = YES;
				SDKROOT = iphoneos;
				SWIFT_COMPILATION_MODE = wholemodule;
				SWIFT_OPTIMIZATION_LEVEL = "-O";
				VALIDATE_PRODUCT = YES;
			};
			name = Release;
		};
		7606162427AD77F700CC73B5 /* Debug */ = {
			isa = XCBuildConfiguration;
			baseConfigurationReference = A4D49FEB27FC9E94008F5BD4 /* Debug.xcconfig */;
			buildSettings = {
				ASSETCATALOG_COMPILER_APPICON_NAME = AppIcon;
				ASSETCATALOG_COMPILER_GLOBAL_ACCENT_COLOR_NAME = AccentColor;
				CODE_SIGN_STYLE = Automatic;
				CURRENT_PROJECT_VERSION = 1;
				DEVELOPMENT_ASSET_PATHS = "\"Resources/Assets/Preview Content\"";
				DEVELOPMENT_TEAM = U6V2AU849T;
				ENABLE_PREVIEWS = YES;
				GENERATE_INFOPLIST_FILE = YES;
				INFOPLIST_FILE = SurfWeatherApp/Info.plist;
				INFOPLIST_KEY_UIApplicationSceneManifest_Generation = YES;
				INFOPLIST_KEY_UIApplicationSupportsIndirectInputEvents = YES;
				INFOPLIST_KEY_UILaunchScreen_Generation = YES;
				INFOPLIST_KEY_UISupportedInterfaceOrientations_iPad = "UIInterfaceOrientationPortrait UIInterfaceOrientationPortraitUpsideDown UIInterfaceOrientationLandscapeLeft UIInterfaceOrientationLandscapeRight";
				INFOPLIST_KEY_UISupportedInterfaceOrientations_iPhone = "UIInterfaceOrientationPortrait UIInterfaceOrientationLandscapeLeft UIInterfaceOrientationLandscapeRight";
				LD_RUNPATH_SEARCH_PATHS = (
					"$(inherited)",
					"@executable_path/Frameworks",
				);
				MARKETING_VERSION = 1.0;
				PRODUCT_BUNDLE_IDENTIFIER = surf.SurfWeatherApp;
				PRODUCT_NAME = "$(TARGET_NAME)";
				SWIFT_EMIT_LOC_STRINGS = YES;
				SWIFT_VERSION = 5.0;
				TARGETED_DEVICE_FAMILY = "1,2";
			};
			name = Debug;
		};
		7606162527AD77F700CC73B5 /* Release */ = {
			isa = XCBuildConfiguration;
			baseConfigurationReference = A4D49FEB27FC9E94008F5BD4 /* Debug.xcconfig */;
			buildSettings = {
				ASSETCATALOG_COMPILER_APPICON_NAME = AppIcon;
				ASSETCATALOG_COMPILER_GLOBAL_ACCENT_COLOR_NAME = AccentColor;
				CODE_SIGN_STYLE = Automatic;
				CURRENT_PROJECT_VERSION = 1;
				DEVELOPMENT_ASSET_PATHS = "\"Resources/Assets/Preview Content\"";
				DEVELOPMENT_TEAM = U6V2AU849T;
				ENABLE_PREVIEWS = YES;
				GENERATE_INFOPLIST_FILE = YES;
				INFOPLIST_FILE = SurfWeatherApp/Info.plist;
				INFOPLIST_KEY_UIApplicationSceneManifest_Generation = YES;
				INFOPLIST_KEY_UIApplicationSupportsIndirectInputEvents = YES;
				INFOPLIST_KEY_UILaunchScreen_Generation = YES;
				INFOPLIST_KEY_UISupportedInterfaceOrientations_iPad = "UIInterfaceOrientationPortrait UIInterfaceOrientationPortraitUpsideDown UIInterfaceOrientationLandscapeLeft UIInterfaceOrientationLandscapeRight";
				INFOPLIST_KEY_UISupportedInterfaceOrientations_iPhone = "UIInterfaceOrientationPortrait UIInterfaceOrientationLandscapeLeft UIInterfaceOrientationLandscapeRight";
				LD_RUNPATH_SEARCH_PATHS = (
					"$(inherited)",
					"@executable_path/Frameworks",
				);
				MARKETING_VERSION = 1.0;
				PRODUCT_BUNDLE_IDENTIFIER = surf.SurfWeatherApp;
				PRODUCT_NAME = "$(TARGET_NAME)";
				SWIFT_EMIT_LOC_STRINGS = YES;
				SWIFT_VERSION = 5.0;
				TARGETED_DEVICE_FAMILY = "1,2";
			};
			name = Release;
		};
/* End XCBuildConfiguration section */

/* Begin XCConfigurationList section */
		7606161027AD77F600CC73B5 /* Build configuration list for PBXProject "SurfWeatherApp" */ = {
			isa = XCConfigurationList;
			buildConfigurations = (
				7606162127AD77F700CC73B5 /* Debug */,
				7606162227AD77F700CC73B5 /* Release */,
			);
			defaultConfigurationIsVisible = 0;
			defaultConfigurationName = Release;
		};
		7606162327AD77F700CC73B5 /* Build configuration list for PBXNativeTarget "SurfWeatherApp" */ = {
			isa = XCConfigurationList;
			buildConfigurations = (
				7606162427AD77F700CC73B5 /* Debug */,
				7606162527AD77F700CC73B5 /* Release */,
			);
			defaultConfigurationIsVisible = 0;
			defaultConfigurationName = Release;
		};
/* End XCConfigurationList section */
	};
	rootObject = 7606160D27AD77F600CC73B5 /* Project object */;
}
