// !$*UTF8*$!
{
	archiveVersion = 1;
	classes = {
	};
	objectVersion = 55;
	objects = {

/* Begin PBXBuildFile section */
		7606161927AD77F600CC73B5 /* SurfWeatherAppApp.swift in Sources */ = {isa = PBXBuildFile; fileRef = 7606161827AD77F600CC73B5 /* SurfWeatherAppApp.swift */; };
		7606161D27AD77F700CC73B5 /* Assets.xcassets in Resources */ = {isa = PBXBuildFile; fileRef = 7606161C27AD77F700CC73B5 /* Assets.xcassets */; };
		7606162027AD77F700CC73B5 /* Preview Assets.xcassets in Resources */ = {isa = PBXBuildFile; fileRef = 7606161F27AD77F700CC73B5 /* Preview Assets.xcassets */; };
		76210BEF27C299A100F858AA /* ColorModeToggleStyle.swift in Sources */ = {isa = PBXBuildFile; fileRef = 76210BEE27C299A100F858AA /* ColorModeToggleStyle.swift */; };
		76210BF227C29AAD00F858AA /* UserDefaultsService.swift in Sources */ = {isa = PBXBuildFile; fileRef = 76210BF127C29AAD00F858AA /* UserDefaultsService.swift */; };
		769A6F1627D23BBA0007759C /* MainScreenForecastListItemViewModel.swift in Sources */ = {isa = PBXBuildFile; fileRef = 769A6F1527D23BBA0007759C /* MainScreenForecastListItemViewModel.swift */; };
		769A6F1C27D2633C0007759C /* MainScreenForecastViewModel.swift in Sources */ = {isa = PBXBuildFile; fileRef = 769A6F1B27D2633C0007759C /* MainScreenForecastViewModel.swift */; };
		769A6F1E27D275080007759C /* MainScreenForecastJournalView.swift in Sources */ = {isa = PBXBuildFile; fileRef = 769A6F1D27D275080007759C /* MainScreenForecastJournalView.swift */; };
		769CECF927C27D2B00FFD409 /* MainScreenView.swift in Sources */ = {isa = PBXBuildFile; fileRef = 769CECF827C27D2B00FFD409 /* MainScreenView.swift */; };
		769CECFC27C27DE100FFD409 /* LocationHeaderView.swift in Sources */ = {isa = PBXBuildFile; fileRef = 769CECFB27C27DE100FFD409 /* LocationHeaderView.swift */; };
		769CECFF27C27EBB00FFD409 /* LocationHeaderViewModel.swift in Sources */ = {isa = PBXBuildFile; fileRef = 769CECFE27C27EBB00FFD409 /* LocationHeaderViewModel.swift */; };
		76ADAFC427C8F01000F85FA7 /* MainScreenForecastView.swift in Sources */ = {isa = PBXBuildFile; fileRef = 76ADAFC327C8F01000F85FA7 /* MainScreenForecastView.swift */; };
		76C6467A27C90D1D00D8BBA9 /* SegmentedPickerView.swift in Sources */ = {isa = PBXBuildFile; fileRef = 76C6467927C90D1D00D8BBA9 /* SegmentedPickerView.swift */; };
		76C6467D27C92B0200D8BBA9 /* Colors.swift in Sources */ = {isa = PBXBuildFile; fileRef = 76C6467C27C92B0200D8BBA9 /* Colors.swift */; };
		76C6468127C9648000D8BBA9 /* MainScreenForecastListItemView.swift in Sources */ = {isa = PBXBuildFile; fileRef = 76C6468027C9648000D8BBA9 /* MainScreenForecastListItemView.swift */; };
		A41A8906283F6412003DAFB0 /* ScaleTransformViewOptions.swift in Sources */ = {isa = PBXBuildFile; fileRef = A41A88E1283F6411003DAFB0 /* ScaleTransformViewOptions.swift */; };
		A41A8907283F6412003DAFB0 /* ScaleTransformView.swift in Sources */ = {isa = PBXBuildFile; fileRef = A41A88E2283F6411003DAFB0 /* ScaleTransformView.swift */; };
		A41A890C283F6412003DAFB0 /* Multipliable.swift in Sources */ = {isa = PBXBuildFile; fileRef = A41A88E8283F6411003DAFB0 /* Multipliable.swift */; };
		A41A890E283F6412003DAFB0 /* UIView+Extension.swift in Sources */ = {isa = PBXBuildFile; fileRef = A41A88EA283F6411003DAFB0 /* UIView+Extension.swift */; };
		A41A890F283F6412003DAFB0 /* CollectionViewPagingLayout.ZPositionHandler.swift in Sources */ = {isa = PBXBuildFile; fileRef = A41A88EB283F6411003DAFB0 /* CollectionViewPagingLayout.ZPositionHandler.swift */; };
		A41A8910283F6412003DAFB0 /* CollectionViewPagingLayout.swift in Sources */ = {isa = PBXBuildFile; fileRef = A41A88EC283F6411003DAFB0 /* CollectionViewPagingLayout.swift */; };
		A41A8915283F6412003DAFB0 /* TransformableView.swift in Sources */ = {isa = PBXBuildFile; fileRef = A41A88F2283F6411003DAFB0 /* TransformableView.swift */; };
		A41A8916283F6412003DAFB0 /* PagingCollectionViewControllerBuilder.swift in Sources */ = {isa = PBXBuildFile; fileRef = A41A88F4283F6411003DAFB0 /* PagingCollectionViewControllerBuilder.swift */; };
		A41A8918283F6412003DAFB0 /* ScalePageView.swift in Sources */ = {isa = PBXBuildFile; fileRef = A41A88F6283F6411003DAFB0 /* ScalePageView.swift */; };
		A41A8919283F6412003DAFB0 /* PagePadding.swift in Sources */ = {isa = PBXBuildFile; fileRef = A41A88F7283F6411003DAFB0 /* PagePadding.swift */; };
		A41A891A283F6412003DAFB0 /* TransformPageViewProtocol.swift in Sources */ = {isa = PBXBuildFile; fileRef = A41A88F8283F6411003DAFB0 /* TransformPageViewProtocol.swift */; };
		A41A891B283F6412003DAFB0 /* PagingCollectionViewCell.swift in Sources */ = {isa = PBXBuildFile; fileRef = A41A88F9283F6411003DAFB0 /* PagingCollectionViewCell.swift */; };
		A41A891D283F6412003DAFB0 /* PagingCollectionViewController.swift in Sources */ = {isa = PBXBuildFile; fileRef = A41A88FB283F6411003DAFB0 /* PagingCollectionViewController.swift */; };
		A41A891E283F6412003DAFB0 /* PagingCollectionViewModifierData.swift in Sources */ = {isa = PBXBuildFile; fileRef = A41A88FC283F6411003DAFB0 /* PagingCollectionViewModifierData.swift */; };
		A4B6986828451206002CA415 /* CarouselView.swift in Sources */ = {isa = PBXBuildFile; fileRef = A4B6986728451206002CA415 /* CarouselView.swift */; };
		A4B6986A28452309002CA415 /* ScrollDelegate.swift in Sources */ = {isa = PBXBuildFile; fileRef = A4B6986928452309002CA415 /* ScrollDelegate.swift */; };
		A4B6986D28467CB6002CA415 /* CarouselViewModel.swift in Sources */ = {isa = PBXBuildFile; fileRef = A4B6986C28467CB6002CA415 /* CarouselViewModel.swift */; };
		A4B6986F28468001002CA415 /* HourlyCardView.swift in Sources */ = {isa = PBXBuildFile; fileRef = A4B6986E28468001002CA415 /* HourlyCardView.swift */; };
		A4B6987228468577002CA415 /* CardViewModel.swift in Sources */ = {isa = PBXBuildFile; fileRef = A4B6987128468577002CA415 /* CardViewModel.swift */; };
		A4B69876284685AE002CA415 /* HourlyCardViewModel.swift in Sources */ = {isa = PBXBuildFile; fileRef = A4B69875284685AE002CA415 /* HourlyCardViewModel.swift */; };
		A4B6987A28474032002CA415 /* ScrollIndicatorView.swift in Sources */ = {isa = PBXBuildFile; fileRef = A4B6987928474032002CA415 /* ScrollIndicatorView.swift */; };
		A4B6987D2847693D002CA415 /* CustomScrollView.swift in Sources */ = {isa = PBXBuildFile; fileRef = A4B6987C2847693C002CA415 /* CustomScrollView.swift */; };
		A4B698802847697A002CA415 /* CustomScrollCoordinator.swift in Sources */ = {isa = PBXBuildFile; fileRef = A4B6987F2847697A002CA415 /* CustomScrollCoordinator.swift */; };
		A4D4A02C27FEF6AB008F5BD4 /* CardView.swift in Sources */ = {isa = PBXBuildFile; fileRef = A4D4A02B27FEF6AB008F5BD4 /* CardView.swift */; };
/* End PBXBuildFile section */

/* Begin PBXFileReference section */
		7606161527AD77F600CC73B5 /* SurfWeatherApp.app */ = {isa = PBXFileReference; explicitFileType = wrapper.application; includeInIndex = 0; path = SurfWeatherApp.app; sourceTree = BUILT_PRODUCTS_DIR; };
		7606161827AD77F600CC73B5 /* SurfWeatherAppApp.swift */ = {isa = PBXFileReference; lastKnownFileType = sourcecode.swift; path = SurfWeatherAppApp.swift; sourceTree = "<group>"; };
		7606161C27AD77F700CC73B5 /* Assets.xcassets */ = {isa = PBXFileReference; lastKnownFileType = folder.assetcatalog; path = Assets.xcassets; sourceTree = "<group>"; };
		7606161F27AD77F700CC73B5 /* Preview Assets.xcassets */ = {isa = PBXFileReference; lastKnownFileType = folder.assetcatalog; path = "Preview Assets.xcassets"; sourceTree = "<group>"; };
		76210BEE27C299A100F858AA /* ColorModeToggleStyle.swift */ = {isa = PBXFileReference; lastKnownFileType = sourcecode.swift; path = ColorModeToggleStyle.swift; sourceTree = "<group>"; };
		76210BF127C29AAD00F858AA /* UserDefaultsService.swift */ = {isa = PBXFileReference; lastKnownFileType = sourcecode.swift; path = UserDefaultsService.swift; sourceTree = "<group>"; };
		769A6F1527D23BBA0007759C /* MainScreenForecastListItemViewModel.swift */ = {isa = PBXFileReference; lastKnownFileType = sourcecode.swift; path = MainScreenForecastListItemViewModel.swift; sourceTree = "<group>"; };
		769A6F1B27D2633C0007759C /* MainScreenForecastViewModel.swift */ = {isa = PBXFileReference; lastKnownFileType = sourcecode.swift; path = MainScreenForecastViewModel.swift; sourceTree = "<group>"; };
		769A6F1D27D275080007759C /* MainScreenForecastJournalView.swift */ = {isa = PBXFileReference; lastKnownFileType = sourcecode.swift; path = MainScreenForecastJournalView.swift; sourceTree = "<group>"; };
		769CECF827C27D2B00FFD409 /* MainScreenView.swift */ = {isa = PBXFileReference; lastKnownFileType = sourcecode.swift; path = MainScreenView.swift; sourceTree = "<group>"; };
		769CECFB27C27DE100FFD409 /* LocationHeaderView.swift */ = {isa = PBXFileReference; lastKnownFileType = sourcecode.swift; path = LocationHeaderView.swift; sourceTree = "<group>"; };
		769CECFE27C27EBB00FFD409 /* LocationHeaderViewModel.swift */ = {isa = PBXFileReference; lastKnownFileType = sourcecode.swift; path = LocationHeaderViewModel.swift; sourceTree = "<group>"; };
		76ADAFC327C8F01000F85FA7 /* MainScreenForecastView.swift */ = {isa = PBXFileReference; lastKnownFileType = sourcecode.swift; path = MainScreenForecastView.swift; sourceTree = "<group>"; };
		76C6467927C90D1D00D8BBA9 /* SegmentedPickerView.swift */ = {isa = PBXFileReference; lastKnownFileType = sourcecode.swift; path = SegmentedPickerView.swift; sourceTree = "<group>"; };
		76C6467C27C92B0200D8BBA9 /* Colors.swift */ = {isa = PBXFileReference; lastKnownFileType = sourcecode.swift; path = Colors.swift; sourceTree = "<group>"; };
		76C6468027C9648000D8BBA9 /* MainScreenForecastListItemView.swift */ = {isa = PBXFileReference; lastKnownFileType = sourcecode.swift; path = MainScreenForecastListItemView.swift; sourceTree = "<group>"; };
		A41A88E1283F6411003DAFB0 /* ScaleTransformViewOptions.swift */ = {isa = PBXFileReference; fileEncoding = 4; lastKnownFileType = sourcecode.swift; path = ScaleTransformViewOptions.swift; sourceTree = "<group>"; };
		A41A88E2283F6411003DAFB0 /* ScaleTransformView.swift */ = {isa = PBXFileReference; fileEncoding = 4; lastKnownFileType = sourcecode.swift; path = ScaleTransformView.swift; sourceTree = "<group>"; };
		A41A88E8283F6411003DAFB0 /* Multipliable.swift */ = {isa = PBXFileReference; fileEncoding = 4; lastKnownFileType = sourcecode.swift; path = Multipliable.swift; sourceTree = "<group>"; };
		A41A88EA283F6411003DAFB0 /* UIView+Extension.swift */ = {isa = PBXFileReference; fileEncoding = 4; lastKnownFileType = sourcecode.swift; path = "UIView+Extension.swift"; sourceTree = "<group>"; };
		A41A88EB283F6411003DAFB0 /* CollectionViewPagingLayout.ZPositionHandler.swift */ = {isa = PBXFileReference; fileEncoding = 4; lastKnownFileType = sourcecode.swift; path = CollectionViewPagingLayout.ZPositionHandler.swift; sourceTree = "<group>"; };
		A41A88EC283F6411003DAFB0 /* CollectionViewPagingLayout.swift */ = {isa = PBXFileReference; fileEncoding = 4; lastKnownFileType = sourcecode.swift; path = CollectionViewPagingLayout.swift; sourceTree = "<group>"; };
		A41A88F2283F6411003DAFB0 /* TransformableView.swift */ = {isa = PBXFileReference; fileEncoding = 4; lastKnownFileType = sourcecode.swift; path = TransformableView.swift; sourceTree = "<group>"; };
		A41A88F4283F6411003DAFB0 /* PagingCollectionViewControllerBuilder.swift */ = {isa = PBXFileReference; fileEncoding = 4; lastKnownFileType = sourcecode.swift; path = PagingCollectionViewControllerBuilder.swift; sourceTree = "<group>"; };
		A41A88F6283F6411003DAFB0 /* ScalePageView.swift */ = {isa = PBXFileReference; fileEncoding = 4; lastKnownFileType = sourcecode.swift; path = ScalePageView.swift; sourceTree = "<group>"; };
		A41A88F7283F6411003DAFB0 /* PagePadding.swift */ = {isa = PBXFileReference; fileEncoding = 4; lastKnownFileType = sourcecode.swift; path = PagePadding.swift; sourceTree = "<group>"; };
		A41A88F8283F6411003DAFB0 /* TransformPageViewProtocol.swift */ = {isa = PBXFileReference; fileEncoding = 4; lastKnownFileType = sourcecode.swift; path = TransformPageViewProtocol.swift; sourceTree = "<group>"; };
		A41A88F9283F6411003DAFB0 /* PagingCollectionViewCell.swift */ = {isa = PBXFileReference; fileEncoding = 4; lastKnownFileType = sourcecode.swift; path = PagingCollectionViewCell.swift; sourceTree = "<group>"; };
		A41A88FB283F6411003DAFB0 /* PagingCollectionViewController.swift */ = {isa = PBXFileReference; fileEncoding = 4; lastKnownFileType = sourcecode.swift; path = PagingCollectionViewController.swift; sourceTree = "<group>"; };
		A41A88FC283F6411003DAFB0 /* PagingCollectionViewModifierData.swift */ = {isa = PBXFileReference; fileEncoding = 4; lastKnownFileType = sourcecode.swift; path = PagingCollectionViewModifierData.swift; sourceTree = "<group>"; };
		A4B6986728451206002CA415 /* CarouselView.swift */ = {isa = PBXFileReference; lastKnownFileType = sourcecode.swift; path = CarouselView.swift; sourceTree = "<group>"; };
		A4B6986928452309002CA415 /* ScrollDelegate.swift */ = {isa = PBXFileReference; lastKnownFileType = sourcecode.swift; path = ScrollDelegate.swift; sourceTree = "<group>"; };
		A4B6986C28467CB6002CA415 /* CarouselViewModel.swift */ = {isa = PBXFileReference; lastKnownFileType = sourcecode.swift; path = CarouselViewModel.swift; sourceTree = "<group>"; };
		A4B6986E28468001002CA415 /* HourlyCardView.swift */ = {isa = PBXFileReference; lastKnownFileType = sourcecode.swift; path = HourlyCardView.swift; sourceTree = "<group>"; };
		A4B6987128468577002CA415 /* CardViewModel.swift */ = {isa = PBXFileReference; lastKnownFileType = sourcecode.swift; path = CardViewModel.swift; sourceTree = "<group>"; };
		A4B69875284685AE002CA415 /* HourlyCardViewModel.swift */ = {isa = PBXFileReference; lastKnownFileType = sourcecode.swift; path = HourlyCardViewModel.swift; sourceTree = "<group>"; };
		A4B6987928474032002CA415 /* ScrollIndicatorView.swift */ = {isa = PBXFileReference; lastKnownFileType = sourcecode.swift; path = ScrollIndicatorView.swift; sourceTree = "<group>"; };
		A4B6987C2847693C002CA415 /* CustomScrollView.swift */ = {isa = PBXFileReference; lastKnownFileType = sourcecode.swift; path = CustomScrollView.swift; sourceTree = "<group>"; };
		A4B6987F2847697A002CA415 /* CustomScrollCoordinator.swift */ = {isa = PBXFileReference; lastKnownFileType = sourcecode.swift; path = CustomScrollCoordinator.swift; sourceTree = "<group>"; };
		A4D4A02B27FEF6AB008F5BD4 /* CardView.swift */ = {isa = PBXFileReference; lastKnownFileType = sourcecode.swift; path = CardView.swift; sourceTree = "<group>"; };
/* End PBXFileReference section */

/* Begin PBXFrameworksBuildPhase section */
		7606161227AD77F600CC73B5 /* Frameworks */ = {
			isa = PBXFrameworksBuildPhase;
			buildActionMask = 2147483647;
			files = (
			);
			runOnlyForDeploymentPostprocessing = 0;
		};
/* End PBXFrameworksBuildPhase section */

/* Begin PBXGroup section */
		7606160C27AD77F600CC73B5 = {
			isa = PBXGroup;
			children = (
				76C6467B27C92AE300D8BBA9 /* Library */,
				76210BF027C29A7700F858AA /* Services */,
				76210BED27C2997B00F858AA /* Styles */,
				769CECFA27C27DC000FFD409 /* Views */,
				769CECF527C27D0E00FFD409 /* Flows */,
				7606161727AD77F600CC73B5 /* SurfWeatherApp */,
				7606161627AD77F600CC73B5 /* Products */,
			);
			sourceTree = "<group>";
		};
		7606161627AD77F600CC73B5 /* Products */ = {
			isa = PBXGroup;
			children = (
				7606161527AD77F600CC73B5 /* SurfWeatherApp.app */,
			);
			name = Products;
			sourceTree = "<group>";
		};
		7606161727AD77F600CC73B5 /* SurfWeatherApp */ = {
			isa = PBXGroup;
			children = (
				7606161827AD77F600CC73B5 /* SurfWeatherAppApp.swift */,
				7606161C27AD77F700CC73B5 /* Assets.xcassets */,
				7606161E27AD77F700CC73B5 /* Preview Content */,
			);
			path = SurfWeatherApp;
			sourceTree = "<group>";
		};
		7606161E27AD77F700CC73B5 /* Preview Content */ = {
			isa = PBXGroup;
			children = (
				7606161F27AD77F700CC73B5 /* Preview Assets.xcassets */,
			);
			path = "Preview Content";
			sourceTree = "<group>";
		};
		76210BED27C2997B00F858AA /* Styles */ = {
			isa = PBXGroup;
			children = (
				76210BEE27C299A100F858AA /* ColorModeToggleStyle.swift */,
			);
			path = Styles;
			sourceTree = "<group>";
		};
		76210BF027C29A7700F858AA /* Services */ = {
			isa = PBXGroup;
			children = (
				76210BF127C29AAD00F858AA /* UserDefaultsService.swift */,
			);
			path = Services;
			sourceTree = "<group>";
		};
		769A6F1727D23BEF0007759C /* Views */ = {
			isa = PBXGroup;
			children = (
				A4B6986B28467068002CA415 /* CarouselView */,
				769CECF827C27D2B00FFD409 /* MainScreenView.swift */,
				76ADAFC327C8F01000F85FA7 /* MainScreenForecastView.swift */,
				76C6468027C9648000D8BBA9 /* MainScreenForecastListItemView.swift */,
				769A6F1D27D275080007759C /* MainScreenForecastJournalView.swift */,
			);
			path = Views;
			sourceTree = "<group>";
		};
		769A6F1827D23BF90007759C /* ViewModels */ = {
			isa = PBXGroup;
			children = (
				769A6F1B27D2633C0007759C /* MainScreenForecastViewModel.swift */,
				769A6F1527D23BBA0007759C /* MainScreenForecastListItemViewModel.swift */,
				A4B6987028468454002CA415 /* CarouselView */,
			);
			path = ViewModels;
			sourceTree = "<group>";
		};
		769CECF427C27D0100FFD409 /* MainFlow */ = {
			isa = PBXGroup;
			children = (
				769A6F1827D23BF90007759C /* ViewModels */,
				769A6F1727D23BEF0007759C /* Views */,
			);
			path = MainFlow;
			sourceTree = "<group>";
		};
		769CECF527C27D0E00FFD409 /* Flows */ = {
			isa = PBXGroup;
			children = (
				769CECF427C27D0100FFD409 /* MainFlow */,
			);
			path = Flows;
			sourceTree = "<group>";
		};
		769CECFA27C27DC000FFD409 /* Views */ = {
			isa = PBXGroup;
			children = (
				A4B6987B2847691D002CA415 /* CustomScrollView */,
				A4B6987828474011002CA415 /* ScrollIndicator */,
				A41A88D6283F6411003DAFB0 /* ScalePageView */,
				76C6467827C90AE900D8BBA9 /* SegmentedPicker */,
				769CECFD27C27EA700FFD409 /* LocationHeader */,
			);
			path = Views;
			sourceTree = "<group>";
		};
		769CECFD27C27EA700FFD409 /* LocationHeader */ = {
			isa = PBXGroup;
			children = (
				769CECFB27C27DE100FFD409 /* LocationHeaderView.swift */,
				769CECFE27C27EBB00FFD409 /* LocationHeaderViewModel.swift */,
			);
			path = LocationHeader;
			sourceTree = "<group>";
		};
		76C6467827C90AE900D8BBA9 /* SegmentedPicker */ = {
			isa = PBXGroup;
			children = (
				76C6467927C90D1D00D8BBA9 /* SegmentedPickerView.swift */,
			);
			path = SegmentedPicker;
			sourceTree = "<group>";
		};
		76C6467B27C92AE300D8BBA9 /* Library */ = {
			isa = PBXGroup;
			children = (
				76C6467C27C92B0200D8BBA9 /* Colors.swift */,
			);
			path = Library;
			sourceTree = "<group>";
		};
		A41A88D6283F6411003DAFB0 /* ScalePageView */ = {
			isa = PBXGroup;
			children = (
				A41A88E0283F6411003DAFB0 /* Scale */,
				A41A88E6283F6411003DAFB0 /* Support */,
				A41A88EB283F6411003DAFB0 /* CollectionViewPagingLayout.ZPositionHandler.swift */,
				A41A88EC283F6411003DAFB0 /* CollectionViewPagingLayout.swift */,
				A41A88F2283F6411003DAFB0 /* TransformableView.swift */,
				A41A88F3283F6411003DAFB0 /* SwiftUI */,
			);
			path = ScalePageView;
			sourceTree = "<group>";
		};
		A41A88E0283F6411003DAFB0 /* Scale */ = {
			isa = PBXGroup;
			children = (
				A41A88E1283F6411003DAFB0 /* ScaleTransformViewOptions.swift */,
				A41A88E2283F6411003DAFB0 /* ScaleTransformView.swift */,
			);
			path = Scale;
			sourceTree = "<group>";
		};
		A41A88E6283F6411003DAFB0 /* Support */ = {
			isa = PBXGroup;
			children = (
				A41A88E8283F6411003DAFB0 /* Multipliable.swift */,
				A41A88EA283F6411003DAFB0 /* UIView+Extension.swift */,
			);
			path = Support;
			sourceTree = "<group>";
		};
		A41A88F3283F6411003DAFB0 /* SwiftUI */ = {
			isa = PBXGroup;
			children = (
				A41A88F4283F6411003DAFB0 /* PagingCollectionViewControllerBuilder.swift */,
				A41A88F6283F6411003DAFB0 /* ScalePageView.swift */,
				A41A88F7283F6411003DAFB0 /* PagePadding.swift */,
				A41A88F8283F6411003DAFB0 /* TransformPageViewProtocol.swift */,
				A41A88F9283F6411003DAFB0 /* PagingCollectionViewCell.swift */,
				A41A88FB283F6411003DAFB0 /* PagingCollectionViewController.swift */,
				A41A88FC283F6411003DAFB0 /* PagingCollectionViewModifierData.swift */,
			);
			path = SwiftUI;
			sourceTree = "<group>";
		};
		A4B6986B28467068002CA415 /* CarouselView */ = {
			isa = PBXGroup;
			children = (
				A4B69877284685EA002CA415 /* Support */,
				A4D4A02B27FEF6AB008F5BD4 /* CardView.swift */,
				A4B6986E28468001002CA415 /* HourlyCardView.swift */,
				A4B6986728451206002CA415 /* CarouselView.swift */,
			);
			path = CarouselView;
			sourceTree = "<group>";
		};
		A4B6987028468454002CA415 /* CarouselView */ = {
			isa = PBXGroup;
			children = (
				A4B6986C28467CB6002CA415 /* CarouselViewModel.swift */,
				A4B6987128468577002CA415 /* CardViewModel.swift */,
				A4B69875284685AE002CA415 /* HourlyCardViewModel.swift */,
			);
			path = CarouselView;
			sourceTree = "<group>";
		};
		A4B69877284685EA002CA415 /* Support */ = {
			isa = PBXGroup;
			children = (
				A4B6986928452309002CA415 /* ScrollDelegate.swift */,
			);
			path = Support;
			sourceTree = "<group>";
		};
		A4B6987828474011002CA415 /* ScrollIndicator */ = {
			isa = PBXGroup;
			children = (
				A4B6987928474032002CA415 /* ScrollIndicatorView.swift */,
			);
			path = ScrollIndicator;
			sourceTree = "<group>";
		};
		A4B6987B2847691D002CA415 /* CustomScrollView */ = {
			isa = PBXGroup;
			children = (
				A4B6987C2847693C002CA415 /* CustomScrollView.swift */,
				A4B6987E2847696A002CA415 /* Support */,
			);
			path = CustomScrollView;
			sourceTree = "<group>";
		};
		A4B6987E2847696A002CA415 /* Support */ = {
			isa = PBXGroup;
			children = (
				A4B6987F2847697A002CA415 /* CustomScrollCoordinator.swift */,
			);
			path = Support;
			sourceTree = "<group>";
		};
/* End PBXGroup section */

/* Begin PBXNativeTarget section */
		7606161427AD77F600CC73B5 /* SurfWeatherApp */ = {
			isa = PBXNativeTarget;
			buildConfigurationList = 7606162327AD77F700CC73B5 /* Build configuration list for PBXNativeTarget "SurfWeatherApp" */;
			buildPhases = (
				7606161127AD77F600CC73B5 /* Sources */,
				7606161227AD77F600CC73B5 /* Frameworks */,
				7606161327AD77F600CC73B5 /* Resources */,
			);
			buildRules = (
			);
			dependencies = (
			);
			name = SurfWeatherApp;
			productName = SurfWeatherApp;
			productReference = 7606161527AD77F600CC73B5 /* SurfWeatherApp.app */;
			productType = "com.apple.product-type.application";
		};
/* End PBXNativeTarget section */

/* Begin PBXProject section */
		7606160D27AD77F600CC73B5 /* Project object */ = {
			isa = PBXProject;
			attributes = {
				BuildIndependentTargetsInParallel = 1;
				LastSwiftUpdateCheck = 1320;
				LastUpgradeCheck = 1320;
				TargetAttributes = {
					7606161427AD77F600CC73B5 = {
						CreatedOnToolsVersion = 13.2.1;
					};
				};
			};
			buildConfigurationList = 7606161027AD77F600CC73B5 /* Build configuration list for PBXProject "SurfWeatherApp" */;
			compatibilityVersion = "Xcode 13.0";
			developmentRegion = en;
			hasScannedForEncodings = 0;
			knownRegions = (
				en,
				Base,
			);
			mainGroup = 7606160C27AD77F600CC73B5;
			productRefGroup = 7606161627AD77F600CC73B5 /* Products */;
			projectDirPath = "";
			projectRoot = "";
			targets = (
				7606161427AD77F600CC73B5 /* SurfWeatherApp */,
			);
		};
/* End PBXProject section */

/* Begin PBXResourcesBuildPhase section */
		7606161327AD77F600CC73B5 /* Resources */ = {
			isa = PBXResourcesBuildPhase;
			buildActionMask = 2147483647;
			files = (
				7606162027AD77F700CC73B5 /* Preview Assets.xcassets in Resources */,
				7606161D27AD77F700CC73B5 /* Assets.xcassets in Resources */,
			);
			runOnlyForDeploymentPostprocessing = 0;
		};
/* End PBXResourcesBuildPhase section */

/* Begin PBXSourcesBuildPhase section */
		7606161127AD77F600CC73B5 /* Sources */ = {
			isa = PBXSourcesBuildPhase;
			buildActionMask = 2147483647;
			files = (
				A41A8916283F6412003DAFB0 /* PagingCollectionViewControllerBuilder.swift in Sources */,
				A41A8910283F6412003DAFB0 /* CollectionViewPagingLayout.swift in Sources */,
				76210BF227C29AAD00F858AA /* UserDefaultsService.swift in Sources */,
				A41A8918283F6412003DAFB0 /* ScalePageView.swift in Sources */,
				A4B6987228468577002CA415 /* CardViewModel.swift in Sources */,
				769A6F1627D23BBA0007759C /* MainScreenForecastListItemViewModel.swift in Sources */,
				A4B6987A28474032002CA415 /* ScrollIndicatorView.swift in Sources */,
				76C6467A27C90D1D00D8BBA9 /* SegmentedPickerView.swift in Sources */,
				A41A8919283F6412003DAFB0 /* PagePadding.swift in Sources */,
				76C6468127C9648000D8BBA9 /* MainScreenForecastListItemView.swift in Sources */,
				A41A891E283F6412003DAFB0 /* PagingCollectionViewModifierData.swift in Sources */,
				76210BEF27C299A100F858AA /* ColorModeToggleStyle.swift in Sources */,
				A4B6986828451206002CA415 /* CarouselView.swift in Sources */,
				76ADAFC427C8F01000F85FA7 /* MainScreenForecastView.swift in Sources */,
				A4B6987D2847693D002CA415 /* CustomScrollView.swift in Sources */,
				A4B698802847697A002CA415 /* CustomScrollCoordinator.swift in Sources */,
				A41A890F283F6412003DAFB0 /* CollectionViewPagingLayout.ZPositionHandler.swift in Sources */,
				7606161927AD77F600CC73B5 /* SurfWeatherAppApp.swift in Sources */,
				A41A890C283F6412003DAFB0 /* Multipliable.swift in Sources */,
				769CECFF27C27EBB00FFD409 /* LocationHeaderViewModel.swift in Sources */,
				769A6F1E27D275080007759C /* MainScreenForecastJournalView.swift in Sources */,
				A41A891A283F6412003DAFB0 /* TransformPageViewProtocol.swift in Sources */,
				769A6F1C27D2633C0007759C /* MainScreenForecastViewModel.swift in Sources */,
				A41A8907283F6412003DAFB0 /* ScaleTransformView.swift in Sources */,
				A41A891D283F6412003DAFB0 /* PagingCollectionViewController.swift in Sources */,
				769CECFC27C27DE100FFD409 /* LocationHeaderView.swift in Sources */,
				76C6467D27C92B0200D8BBA9 /* Colors.swift in Sources */,
				A4B6986F28468001002CA415 /* HourlyCardView.swift in Sources */,
				A4D4A02C27FEF6AB008F5BD4 /* CardView.swift in Sources */,
				769CECF927C27D2B00FFD409 /* MainScreenView.swift in Sources */,
				A41A8906283F6412003DAFB0 /* ScaleTransformViewOptions.swift in Sources */,
				A4B6986A28452309002CA415 /* ScrollDelegate.swift in Sources */,
				A4B6986D28467CB6002CA415 /* CarouselViewModel.swift in Sources */,
				A41A891B283F6412003DAFB0 /* PagingCollectionViewCell.swift in Sources */,
				A4B69876284685AE002CA415 /* HourlyCardViewModel.swift in Sources */,
				A41A8915283F6412003DAFB0 /* TransformableView.swift in Sources */,
				A41A890E283F6412003DAFB0 /* UIView+Extension.swift in Sources */,
			);
			runOnlyForDeploymentPostprocessing = 0;
		};
/* End PBXSourcesBuildPhase section */

/* Begin XCBuildConfiguration section */
		7606162127AD77F700CC73B5 /* Debug */ = {
			isa = XCBuildConfiguration;
			buildSettings = {
				ALWAYS_SEARCH_USER_PATHS = NO;
				CLANG_ANALYZER_NONNULL = YES;
				CLANG_ANALYZER_NUMBER_OBJECT_CONVERSION = YES_AGGRESSIVE;
				CLANG_CXX_LANGUAGE_STANDARD = "gnu++17";
				CLANG_CXX_LIBRARY = "libc++";
				CLANG_ENABLE_MODULES = YES;
				CLANG_ENABLE_OBJC_ARC = YES;
				CLANG_ENABLE_OBJC_WEAK = YES;
				CLANG_WARN_BLOCK_CAPTURE_AUTORELEASING = YES;
				CLANG_WARN_BOOL_CONVERSION = YES;
				CLANG_WARN_COMMA = YES;
				CLANG_WARN_CONSTANT_CONVERSION = YES;
				CLANG_WARN_DEPRECATED_OBJC_IMPLEMENTATIONS = YES;
				CLANG_WARN_DIRECT_OBJC_ISA_USAGE = YES_ERROR;
				CLANG_WARN_DOCUMENTATION_COMMENTS = YES;
				CLANG_WARN_EMPTY_BODY = YES;
				CLANG_WARN_ENUM_CONVERSION = YES;
				CLANG_WARN_INFINITE_RECURSION = YES;
				CLANG_WARN_INT_CONVERSION = YES;
				CLANG_WARN_NON_LITERAL_NULL_CONVERSION = YES;
				CLANG_WARN_OBJC_IMPLICIT_RETAIN_SELF = YES;
				CLANG_WARN_OBJC_LITERAL_CONVERSION = YES;
				CLANG_WARN_OBJC_ROOT_CLASS = YES_ERROR;
				CLANG_WARN_QUOTED_INCLUDE_IN_FRAMEWORK_HEADER = YES;
				CLANG_WARN_RANGE_LOOP_ANALYSIS = YES;
				CLANG_WARN_STRICT_PROTOTYPES = YES;
				CLANG_WARN_SUSPICIOUS_MOVE = YES;
				CLANG_WARN_UNGUARDED_AVAILABILITY = YES_AGGRESSIVE;
				CLANG_WARN_UNREACHABLE_CODE = YES;
				CLANG_WARN__DUPLICATE_METHOD_MATCH = YES;
				COPY_PHASE_STRIP = NO;
				DEBUG_INFORMATION_FORMAT = dwarf;
				ENABLE_STRICT_OBJC_MSGSEND = YES;
				ENABLE_TESTABILITY = YES;
				GCC_C_LANGUAGE_STANDARD = gnu11;
				GCC_DYNAMIC_NO_PIC = NO;
				GCC_NO_COMMON_BLOCKS = YES;
				GCC_OPTIMIZATION_LEVEL = 0;
				GCC_PREPROCESSOR_DEFINITIONS = (
					"DEBUG=1",
					"$(inherited)",
				);
				GCC_WARN_64_TO_32_BIT_CONVERSION = YES;
				GCC_WARN_ABOUT_RETURN_TYPE = YES_ERROR;
				GCC_WARN_UNDECLARED_SELECTOR = YES;
				GCC_WARN_UNINITIALIZED_AUTOS = YES_AGGRESSIVE;
				GCC_WARN_UNUSED_FUNCTION = YES;
				GCC_WARN_UNUSED_VARIABLE = YES;
				IPHONEOS_DEPLOYMENT_TARGET = 15.2;
				MTL_ENABLE_DEBUG_INFO = INCLUDE_SOURCE;
				MTL_FAST_MATH = YES;
				ONLY_ACTIVE_ARCH = YES;
				SDKROOT = iphoneos;
				SWIFT_ACTIVE_COMPILATION_CONDITIONS = DEBUG;
				SWIFT_OPTIMIZATION_LEVEL = "-Onone";
			};
			name = Debug;
		};
		7606162227AD77F700CC73B5 /* Release */ = {
			isa = XCBuildConfiguration;
			buildSettings = {
				ALWAYS_SEARCH_USER_PATHS = NO;
				CLANG_ANALYZER_NONNULL = YES;
				CLANG_ANALYZER_NUMBER_OBJECT_CONVERSION = YES_AGGRESSIVE;
				CLANG_CXX_LANGUAGE_STANDARD = "gnu++17";
				CLANG_CXX_LIBRARY = "libc++";
				CLANG_ENABLE_MODULES = YES;
				CLANG_ENABLE_OBJC_ARC = YES;
				CLANG_ENABLE_OBJC_WEAK = YES;
				CLANG_WARN_BLOCK_CAPTURE_AUTORELEASING = YES;
				CLANG_WARN_BOOL_CONVERSION = YES;
				CLANG_WARN_COMMA = YES;
				CLANG_WARN_CONSTANT_CONVERSION = YES;
				CLANG_WARN_DEPRECATED_OBJC_IMPLEMENTATIONS = YES;
				CLANG_WARN_DIRECT_OBJC_ISA_USAGE = YES_ERROR;
				CLANG_WARN_DOCUMENTATION_COMMENTS = YES;
				CLANG_WARN_EMPTY_BODY = YES;
				CLANG_WARN_ENUM_CONVERSION = YES;
				CLANG_WARN_INFINITE_RECURSION = YES;
				CLANG_WARN_INT_CONVERSION = YES;
				CLANG_WARN_NON_LITERAL_NULL_CONVERSION = YES;
				CLANG_WARN_OBJC_IMPLICIT_RETAIN_SELF = YES;
				CLANG_WARN_OBJC_LITERAL_CONVERSION = YES;
				CLANG_WARN_OBJC_ROOT_CLASS = YES_ERROR;
				CLANG_WARN_QUOTED_INCLUDE_IN_FRAMEWORK_HEADER = YES;
				CLANG_WARN_RANGE_LOOP_ANALYSIS = YES;
				CLANG_WARN_STRICT_PROTOTYPES = YES;
				CLANG_WARN_SUSPICIOUS_MOVE = YES;
				CLANG_WARN_UNGUARDED_AVAILABILITY = YES_AGGRESSIVE;
				CLANG_WARN_UNREACHABLE_CODE = YES;
				CLANG_WARN__DUPLICATE_METHOD_MATCH = YES;
				COPY_PHASE_STRIP = NO;
				DEBUG_INFORMATION_FORMAT = "dwarf-with-dsym";
				ENABLE_NS_ASSERTIONS = NO;
				ENABLE_STRICT_OBJC_MSGSEND = YES;
				GCC_C_LANGUAGE_STANDARD = gnu11;
				GCC_NO_COMMON_BLOCKS = YES;
				GCC_WARN_64_TO_32_BIT_CONVERSION = YES;
				GCC_WARN_ABOUT_RETURN_TYPE = YES_ERROR;
				GCC_WARN_UNDECLARED_SELECTOR = YES;
				GCC_WARN_UNINITIALIZED_AUTOS = YES_AGGRESSIVE;
				GCC_WARN_UNUSED_FUNCTION = YES;
				GCC_WARN_UNUSED_VARIABLE = YES;
				IPHONEOS_DEPLOYMENT_TARGET = 15.2;
				MTL_ENABLE_DEBUG_INFO = NO;
				MTL_FAST_MATH = YES;
				SDKROOT = iphoneos;
				SWIFT_COMPILATION_MODE = wholemodule;
				SWIFT_OPTIMIZATION_LEVEL = "-O";
				VALIDATE_PRODUCT = YES;
			};
			name = Release;
		};
		7606162427AD77F700CC73B5 /* Debug */ = {
			isa = XCBuildConfiguration;
			buildSettings = {
				ASSETCATALOG_COMPILER_APPICON_NAME = AppIcon;
				ASSETCATALOG_COMPILER_GLOBAL_ACCENT_COLOR_NAME = AccentColor;
				CODE_SIGN_STYLE = Automatic;
				CURRENT_PROJECT_VERSION = 1;
				DEVELOPMENT_ASSET_PATHS = "\"SurfWeatherApp/Preview Content\"";
				DEVELOPMENT_TEAM = U6V2AU849T;
				ENABLE_PREVIEWS = YES;
				GENERATE_INFOPLIST_FILE = YES;
				INFOPLIST_KEY_UIApplicationSceneManifest_Generation = YES;
				INFOPLIST_KEY_UIApplicationSupportsIndirectInputEvents = YES;
				INFOPLIST_KEY_UILaunchScreen_Generation = YES;
				INFOPLIST_KEY_UISupportedInterfaceOrientations_iPad = "UIInterfaceOrientationPortrait UIInterfaceOrientationPortraitUpsideDown UIInterfaceOrientationLandscapeLeft UIInterfaceOrientationLandscapeRight";
				INFOPLIST_KEY_UISupportedInterfaceOrientations_iPhone = "UIInterfaceOrientationPortrait UIInterfaceOrientationLandscapeLeft UIInterfaceOrientationLandscapeRight";
				LD_RUNPATH_SEARCH_PATHS = (
					"$(inherited)",
					"@executable_path/Frameworks",
				);
				MARKETING_VERSION = 1.0;
				PRODUCT_BUNDLE_IDENTIFIER = surf.SurfWeatherApp;
				PRODUCT_NAME = "$(TARGET_NAME)";
				SWIFT_EMIT_LOC_STRINGS = YES;
				SWIFT_VERSION = 5.0;
				TARGETED_DEVICE_FAMILY = "1,2";
			};
			name = Debug;
		};
		7606162527AD77F700CC73B5 /* Release */ = {
			isa = XCBuildConfiguration;
			buildSettings = {
				ASSETCATALOG_COMPILER_APPICON_NAME = AppIcon;
				ASSETCATALOG_COMPILER_GLOBAL_ACCENT_COLOR_NAME = AccentColor;
				CODE_SIGN_STYLE = Automatic;
				CURRENT_PROJECT_VERSION = 1;
				DEVELOPMENT_ASSET_PATHS = "\"SurfWeatherApp/Preview Content\"";
				DEVELOPMENT_TEAM = U6V2AU849T;
				ENABLE_PREVIEWS = YES;
				GENERATE_INFOPLIST_FILE = YES;
				INFOPLIST_KEY_UIApplicationSceneManifest_Generation = YES;
				INFOPLIST_KEY_UIApplicationSupportsIndirectInputEvents = YES;
				INFOPLIST_KEY_UILaunchScreen_Generation = YES;
				INFOPLIST_KEY_UISupportedInterfaceOrientations_iPad = "UIInterfaceOrientationPortrait UIInterfaceOrientationPortraitUpsideDown UIInterfaceOrientationLandscapeLeft UIInterfaceOrientationLandscapeRight";
				INFOPLIST_KEY_UISupportedInterfaceOrientations_iPhone = "UIInterfaceOrientationPortrait UIInterfaceOrientationLandscapeLeft UIInterfaceOrientationLandscapeRight";
				LD_RUNPATH_SEARCH_PATHS = (
					"$(inherited)",
					"@executable_path/Frameworks",
				);
				MARKETING_VERSION = 1.0;
				PRODUCT_BUNDLE_IDENTIFIER = surf.SurfWeatherApp;
				PRODUCT_NAME = "$(TARGET_NAME)";
				SWIFT_EMIT_LOC_STRINGS = YES;
				SWIFT_VERSION = 5.0;
				TARGETED_DEVICE_FAMILY = "1,2";
			};
			name = Release;
		};
/* End XCBuildConfiguration section */

/* Begin XCConfigurationList section */
		7606161027AD77F600CC73B5 /* Build configuration list for PBXProject "SurfWeatherApp" */ = {
			isa = XCConfigurationList;
			buildConfigurations = (
				7606162127AD77F700CC73B5 /* Debug */,
				7606162227AD77F700CC73B5 /* Release */,
			);
			defaultConfigurationIsVisible = 0;
			defaultConfigurationName = Release;
		};
		7606162327AD77F700CC73B5 /* Build configuration list for PBXNativeTarget "SurfWeatherApp" */ = {
			isa = XCConfigurationList;
			buildConfigurations = (
				7606162427AD77F700CC73B5 /* Debug */,
				7606162527AD77F700CC73B5 /* Release */,
			);
			defaultConfigurationIsVisible = 0;
			defaultConfigurationName = Release;
		};
/* End XCConfigurationList section */
	};
	rootObject = 7606160D27AD77F600CC73B5 /* Project object */;
}
